
Microsoft Visual Studio Solution File, Format Version 12.00
# Visual Studio Version 17
VisualStudioVersion = 17.13.35825.156 d17.13
MinimumVisualStudioVersion = 10.0.40219.1
Project("{FAE04EC0-301F-11D3-BF4B-00C04F79EFBC}") = "WebApplication4", "WebApplication4\WebApplication4.csproj", "{87814CA6-526B-4ACA-AF7A-3F14D3302794}"
EndProject
Global
	GlobalSection(SolutionConfigurationPlatforms) = preSolution
		Debug|Any CPU = Debug|Any CPU
		Release|Any CPU = Release|Any CPU
	EndGlobalSection
	GlobalSection(ProjectConfigurationPlatforms) = postSolution
		{87814CA6-526B-4ACA-AF7A-3F14D3302794}.Debug|Any CPU.ActiveCfg = Debug|Any CPU
		{87814CA6-526B-4ACA-AF7A-3F14D3302794}.Debug|Any CPU.Build.0 = Debug|Any CPU
		{87814CA6-526B-4ACA-AF7A-3F14D3302794}.Release|Any CPU.ActiveCfg = Release|Any CPU
		{87814CA6-526B-4ACA-AF7A-3F14D3302794}.Release|Any CPU.Build.0 = Release|Any CPU
	EndGlobalSection
	GlobalSection(SolutionProperties) = preSolution
		HideSolutionNode = FALSE
	EndGlobalSection
	GlobalSection(ExtensibilityGlobals) = postSolution
		SolutionGuid = {D86DCE6D-1359-4068-8C5D-3C03183FE516}
	EndGlobalSection
EndGlobal
